
Microsoft Visual Studio Solution File, Format Version 12.00
# Visual Studio Version 16
VisualStudioVersion = 16.0.32802.440
MinimumVisualStudioVersion = 10.0.40219.1
Project("{FAE04EC0-301F-11D3-BF4B-00C04F79EFBC}") = "tictocktoe", "tictocktoe\tictocktoe.csproj", "{80EEE90C-4B55-45E6-8B15-62A995F4ACBF}"
EndProject
Global
	GlobalSection(SolutionConfigurationPlatforms) = preSolution
		Debug|Any CPU = Debug|Any CPU
		Release|Any CPU = Release|Any CPU
	EndGlobalSection
	GlobalSection(ProjectConfigurationPlatforms) = postSolution
		{80EEE90C-4B55-45E6-8B15-62A995F4ACBF}.Debug|Any CPU.ActiveCfg = Debug|Any CPU
		{80EEE90C-4B55-45E6-8B15-62A995F4ACBF}.Debug|Any CPU.Build.0 = Debug|Any CPU
		{80EEE90C-4B55-45E6-8B15-62A995F4ACBF}.Release|Any CPU.ActiveCfg = Release|Any CPU
		{80EEE90C-4B55-45E6-8B15-62A995F4ACBF}.Release|Any CPU.Build.0 = Release|Any CPU
	EndGlobalSection
	GlobalSection(SolutionProperties) = preSolution
		HideSolutionNode = FALSE
	EndGlobalSection
	GlobalSection(ExtensibilityGlobals) = postSolution
		SolutionGuid = {F71AF555-9C8D-4B34-AD3F-06DFFCDE1F00}
	EndGlobalSection
EndGlobal
